
Microsoft Visual Studio Solution File, Format Version 12.00
# Visual Studio Version 17
VisualStudioVersion = 17.14.36616.10 d17.14
MinimumVisualStudioVersion = 10.0.40219.1
Project("{FAE04EC0-301F-11D3-BF4B-00C04F79EFBC}") = "DorucovaciSluzba.Domain", "DorucovaciSluzba.Domain\DorucovaciSluzba.Domain.csproj", "{4A27D2E5-67EE-4478-9F29-7CF6D171AD16}"
EndProject
Project("{FAE04EC0-301F-11D3-BF4B-00C04F79EFBC}") = "DorucovaciSluzba.Application", "DorucovaciSluzba.Application\DorucovaciSluzba.Application.csproj", "{7CB4A115-C9D5-4EC9-AC28-E1AAB4C50D1C}"
EndProject
Project("{FAE04EC0-301F-11D3-BF4B-00C04F79EFBC}") = "DorucovaciSluzba.Infrastructure", "DorucovaciSluzba.Infrastructure\DorucovaciSluzba.Infrastructure.csproj", "{3F8B2F5D-5579-460C-B295-E31F154F1DD7}"
EndProject
Project("{FAE04EC0-301F-11D3-BF4B-00C04F79EFBC}") = "DorucovaciSluzba", "DorucovaciSluzba\DorucovaciSluzba.csproj", "{C581B432-9BB0-4126-A819-600F3ADAA9CE}"
EndProject
Global
	GlobalSection(SolutionConfigurationPlatforms) = preSolution
		Debug|Any CPU = Debug|Any CPU
		Release|Any CPU = Release|Any CPU
	EndGlobalSection
	GlobalSection(ProjectConfigurationPlatforms) = postSolution
		{4A27D2E5-67EE-4478-9F29-7CF6D171AD16}.Debug|Any CPU.ActiveCfg = Debug|Any CPU
		{4A27D2E5-67EE-4478-9F29-7CF6D171AD16}.Debug|Any CPU.Build.0 = Debug|Any CPU
		{4A27D2E5-67EE-4478-9F29-7CF6D171AD16}.Release|Any CPU.ActiveCfg = Release|Any CPU
		{4A27D2E5-67EE-4478-9F29-7CF6D171AD16}.Release|Any CPU.Build.0 = Release|Any CPU
		{7CB4A115-C9D5-4EC9-AC28-E1AAB4C50D1C}.Debug|Any CPU.ActiveCfg = Debug|Any CPU
		{7CB4A115-C9D5-4EC9-AC28-E1AAB4C50D1C}.Debug|Any CPU.Build.0 = Debug|Any CPU
		{7CB4A115-C9D5-4EC9-AC28-E1AAB4C50D1C}.Release|Any CPU.ActiveCfg = Release|Any CPU
		{7CB4A115-C9D5-4EC9-AC28-E1AAB4C50D1C}.Release|Any CPU.Build.0 = Release|Any CPU
		{3F8B2F5D-5579-460C-B295-E31F154F1DD7}.Debug|Any CPU.ActiveCfg = Debug|Any CPU
		{3F8B2F5D-5579-460C-B295-E31F154F1DD7}.Debug|Any CPU.Build.0 = Debug|Any CPU
		{3F8B2F5D-5579-460C-B295-E31F154F1DD7}.Release|Any CPU.ActiveCfg = Release|Any CPU
		{3F8B2F5D-5579-460C-B295-E31F154F1DD7}.Release|Any CPU.Build.0 = Release|Any CPU
		{C581B432-9BB0-4126-A819-600F3ADAA9CE}.Debug|Any CPU.ActiveCfg = Debug|Any CPU
		{C581B432-9BB0-4126-A819-600F3ADAA9CE}.Debug|Any CPU.Build.0 = Debug|Any CPU
		{C581B432-9BB0-4126-A819-600F3ADAA9CE}.Release|Any CPU.ActiveCfg = Release|Any CPU
		{C581B432-9BB0-4126-A819-600F3ADAA9CE}.Release|Any CPU.Build.0 = Release|Any CPU
	EndGlobalSection
	GlobalSection(SolutionProperties) = preSolution
		HideSolutionNode = FALSE
	EndGlobalSection
	GlobalSection(ExtensibilityGlobals) = postSolution
		SolutionGuid = {8050AE44-6C64-4646-89C2-07B2110F5E65}
	EndGlobalSection
EndGlobal
